// !$*UTF8*$!
{
	archiveVersion = 1;
	classes = {
	};
	objectVersion = 46;
	objects = {

/* Begin PBXBuildFile section */
		90147F9617253DCA002C593A /* NetworkEngine.m in Sources */ = {isa = PBXBuildFile; fileRef = 90147F9517253DCA002C593A /* NetworkEngine.m */; };
		9021C2A41740F6480052841B /* XMLReader.m in Sources */ = {isa = PBXBuildFile; fileRef = 9021C2A31740F6480052841B /* XMLReader.m */; };
		9021C2A61740F8030052841B /* AWSRuntime.framework in Frameworks */ = {isa = PBXBuildFile; fileRef = 9021C2A51740F8030052841B /* AWSRuntime.framework */; };
		9021C2AB17426AF20052841B /* CoreData.framework in Frameworks */ = {isa = PBXBuildFile; fileRef = 9021C2AA17426AF20052841B /* CoreData.framework */; };
		9021C2AE17426C7C0052841B /* shelfComics.xcdatamodeld in Sources */ = {isa = PBXBuildFile; fileRef = 9021C2AC17426C7C0052841B /* shelfComics.xcdatamodeld */; };
		9021C2B7174274250052841B /* Comics.m in Sources */ = {isa = PBXBuildFile; fileRef = 9021C2B6174274250052841B /* Comics.m */; };
		9021C2BB174276700052841B /* JSONKit.m in Sources */ = {isa = PBXBuildFile; fileRef = 9021C2BA174276700052841B /* JSONKit.m */; settings = {COMPILER_FLAGS = "-fno-objc-arc"; }; };
		9021C2BD1743C3990052841B /* Localizable.strings in Resources */ = {isa = PBXBuildFile; fileRef = 9021C2BC1743C3990052841B /* Localizable.strings */; };
		9021C2BF1743D2710052841B /* QuartzCore.framework in Frameworks */ = {isa = PBXBuildFile; fileRef = 9021C2BE1743D2710052841B /* QuartzCore.framework */; };
		902862B6176EFF7E00C62FDF /* libzbar.a in Frameworks */ = {isa = PBXBuildFile; fileRef = 902862B0176EFF7E00C62FDF /* libzbar.a */; };
		902862B7176EFF7E00C62FDF /* zbar-back.png in Resources */ = {isa = PBXBuildFile; fileRef = 902862B2176EFF7E00C62FDF /* zbar-back.png */; };
		902862B8176EFF7E00C62FDF /* zbar-help.html in Resources */ = {isa = PBXBuildFile; fileRef = 902862B3176EFF7E00C62FDF /* zbar-help.html */; };
		902862B9176EFF7E00C62FDF /* zbar-helpicons.png in Resources */ = {isa = PBXBuildFile; fileRef = 902862B4176EFF7E00C62FDF /* zbar-helpicons.png */; };
		902862BA176EFF7E00C62FDF /* zbar-samples.png in Resources */ = {isa = PBXBuildFile; fileRef = 902862B5176EFF7E00C62FDF /* zbar-samples.png */; };
		903A727B17661EEF0081BE27 /* libFlurry.a in Frameworks */ = {isa = PBXBuildFile; fileRef = 903A727A17661EEF0081BE27 /* libFlurry.a */; };
		9041129817608B5C008D19A0 /* ioapi.c in Sources */ = {isa = PBXBuildFile; fileRef = 9041128E17608B5C008D19A0 /* ioapi.c */; settings = {COMPILER_FLAGS = "-fno-objc-arc"; }; };
		9041129917608B5C008D19A0 /* mztools.c in Sources */ = {isa = PBXBuildFile; fileRef = 9041129017608B5C008D19A0 /* mztools.c */; settings = {COMPILER_FLAGS = "-fno-objc-arc"; }; };
		9041129A17608B5C008D19A0 /* unzip.c in Sources */ = {isa = PBXBuildFile; fileRef = 9041129217608B5C008D19A0 /* unzip.c */; settings = {COMPILER_FLAGS = "-fno-objc-arc"; }; };
		9041129B17608B5C008D19A0 /* zip.c in Sources */ = {isa = PBXBuildFile; fileRef = 9041129417608B5C008D19A0 /* zip.c */; settings = {COMPILER_FLAGS = "-fno-objc-arc"; }; };
		9041129C17608B5C008D19A0 /* ZipArchive.mm in Sources */ = {isa = PBXBuildFile; fileRef = 9041129717608B5C008D19A0 /* ZipArchive.mm */; settings = {COMPILER_FLAGS = "-fno-objc-arc"; }; };
		9041129E17608BEB008D19A0 /* libz.1.2.5.dylib in Frameworks */ = {isa = PBXBuildFile; fileRef = 9041129D17608BEB008D19A0 /* libz.1.2.5.dylib */; };
		904E946317201C630050A676 /* AddViewController.m in Sources */ = {isa = PBXBuildFile; fileRef = 904E946217201C630050A676 /* AddViewController.m */; };
		904E946717202FA70050A676 /* deadpool.png in Resources */ = {isa = PBXBuildFile; fileRef = 904E946617202FA70050A676 /* deadpool.png */; };
		904E9482172141A90050A676 /* NSAlert+MKNetworkKitAdditions.m in Sources */ = {isa = PBXBuildFile; fileRef = 904E946D172141A90050A676 /* NSAlert+MKNetworkKitAdditions.m */; };
		904E9483172141A90050A676 /* NSData+MKBase64.m in Sources */ = {isa = PBXBuildFile; fileRef = 904E946F172141A90050A676 /* NSData+MKBase64.m */; };
		904E9484172141A90050A676 /* NSDate+RFC1123.m in Sources */ = {isa = PBXBuildFile; fileRef = 904E9471172141A90050A676 /* NSDate+RFC1123.m */; };
		904E9485172141A90050A676 /* NSDictionary+RequestEncoding.m in Sources */ = {isa = PBXBuildFile; fileRef = 904E9473172141A90050A676 /* NSDictionary+RequestEncoding.m */; };
		904E9486172141A90050A676 /* NSString+MKNetworkKitAdditions.m in Sources */ = {isa = PBXBuildFile; fileRef = 904E9475172141A90050A676 /* NSString+MKNetworkKitAdditions.m */; };
		904E9487172141A90050A676 /* UIAlertView+MKNetworkKitAdditions.m in Sources */ = {isa = PBXBuildFile; fileRef = 904E9477172141A90050A676 /* UIAlertView+MKNetworkKitAdditions.m */; };
		904E9488172141A90050A676 /* UIImageView+MKNetworkKitAdditions.m in Sources */ = {isa = PBXBuildFile; fileRef = 904E9479172141A90050A676 /* UIImageView+MKNetworkKitAdditions.m */; };
		904E9489172141A90050A676 /* MKNetworkEngine.m in Sources */ = {isa = PBXBuildFile; fileRef = 904E947B172141A90050A676 /* MKNetworkEngine.m */; };
		904E948A172141A90050A676 /* MKNetworkOperation.m in Sources */ = {isa = PBXBuildFile; fileRef = 904E947E172141A90050A676 /* MKNetworkOperation.m */; };
		904E948B172141A90050A676 /* Reachability.m in Sources */ = {isa = PBXBuildFile; fileRef = 904E9481172141A90050A676 /* Reachability.m */; };
		904E948D172141CB0050A676 /* CFNetwork.framework in Frameworks */ = {isa = PBXBuildFile; fileRef = 904E948C172141CB0050A676 /* CFNetwork.framework */; };
		904E948F172141D40050A676 /* SystemConfiguration.framework in Frameworks */ = {isa = PBXBuildFile; fileRef = 904E948E172141D40050A676 /* SystemConfiguration.framework */; };
		904E9491172141DC0050A676 /* Security.framework in Frameworks */ = {isa = PBXBuildFile; fileRef = 904E9490172141DC0050A676 /* Security.framework */; };
		906F5729174E6599002DEFBC /* ContentViewController.m in Sources */ = {isa = PBXBuildFile; fileRef = 906F5728174E6599002DEFBC /* ContentViewController.m */; };
		906FA6B917539E9600E7B120 /* SaveiCloud.m in Sources */ = {isa = PBXBuildFile; fileRef = 906FA6B817539E9600E7B120 /* SaveiCloud.m */; };
		90B8E868171FE09D00452F68 /* UIKit.framework in Frameworks */ = {isa = PBXBuildFile; fileRef = 90B8E867171FE09D00452F68 /* UIKit.framework */; };
		90B8E86A171FE09D00452F68 /* Foundation.framework in Frameworks */ = {isa = PBXBuildFile; fileRef = 90B8E869171FE09D00452F68 /* Foundation.framework */; };
		90B8E86C171FE09D00452F68 /* CoreGraphics.framework in Frameworks */ = {isa = PBXBuildFile; fileRef = 90B8E86B171FE09D00452F68 /* CoreGraphics.framework */; };
		90B8E872171FE09D00452F68 /* InfoPlist.strings in Resources */ = {isa = PBXBuildFile; fileRef = 90B8E870171FE09D00452F68 /* InfoPlist.strings */; };
		90B8E874171FE09E00452F68 /* main.m in Sources */ = {isa = PBXBuildFile; fileRef = 90B8E873171FE09E00452F68 /* main.m */; };
		90B8E878171FE09E00452F68 /* AppDelegate.m in Sources */ = {isa = PBXBuildFile; fileRef = 90B8E877171FE09E00452F68 /* AppDelegate.m */; };
		90B8E87A171FE09E00452F68 /* Default.png in Resources */ = {isa = PBXBuildFile; fileRef = 90B8E879171FE09E00452F68 /* Default.png */; };
		90B8E87C171FE09E00452F68 /* Default@2x.png in Resources */ = {isa = PBXBuildFile; fileRef = 90B8E87B171FE09E00452F68 /* Default@2x.png */; };
		90B8E87E171FE09E00452F68 /* Default-568h@2x.png in Resources */ = {isa = PBXBuildFile; fileRef = 90B8E87D171FE09E00452F68 /* Default-568h@2x.png */; };
		90B8E881171FE09E00452F68 /* MainStoryboard_iPhone.storyboard in Resources */ = {isa = PBXBuildFile; fileRef = 90B8E87F171FE09E00452F68 /* MainStoryboard_iPhone.storyboard */; };
		90B8E884171FE09E00452F68 /* MainStoryboard_iPad.storyboard in Resources */ = {isa = PBXBuildFile; fileRef = 90B8E882171FE09E00452F68 /* MainStoryboard_iPad.storyboard */; };
		90B8E890171FE1D100452F68 /* SWRevealViewController.m in Sources */ = {isa = PBXBuildFile; fileRef = 90B8E88F171FE1D100452F68 /* SWRevealViewController.m */; };
		90B8E893171FEA7500452F68 /* MenuViewController.m in Sources */ = {isa = PBXBuildFile; fileRef = 90B8E892171FEA7500452F68 /* MenuViewController.m */; };
		90B8E897171FEFAD00452F68 /* reveal-icon.png in Resources */ = {isa = PBXBuildFile; fileRef = 90B8E895171FEFAD00452F68 /* reveal-icon.png */; };
		90B8E898171FEFAD00452F68 /* reveal-icon@2x.png in Resources */ = {isa = PBXBuildFile; fileRef = 90B8E896171FEFAD00452F68 /* reveal-icon@2x.png */; };
		90B8E89B171FF45A00452F68 /* HomeViewController.m in Sources */ = {isa = PBXBuildFile; fileRef = 90B8E89A171FF45A00452F68 /* HomeViewController.m */; };
		90D080B01746819C00BF07F0 /* MobileCoreServices.framework in Frameworks */ = {isa = PBXBuildFile; fileRef = 90D080AF1746819C00BF07F0 /* MobileCoreServices.framework */; };
		90D080B3174A18EB00BF07F0 /* FileHelpers.m in Sources */ = {isa = PBXBuildFile; fileRef = 90D080B2174A18EB00BF07F0 /* FileHelpers.m */; };
		90D080B6174A567E00BF07F0 /* ComicsViewController.m in Sources */ = {isa = PBXBuildFile; fileRef = 90D080B5174A567E00BF07F0 /* ComicsViewController.m */; };
		90D080B8174A670C00BF07F0 /* no_file.jpg in Resources */ = {isa = PBXBuildFile; fileRef = 90D080B7174A670C00BF07F0 /* no_file.jpg */; };
		90F2EAB9175DEA5F000A08F5 /* Crashlytics.framework in Frameworks */ = {isa = PBXBuildFile; fileRef = 90F2EAB8175DEA5F000A08F5 /* Crashlytics.framework */; };
		90F44DE61745044900B191F2 /* button-round-tick-ok-icon.png in Resources */ = {isa = PBXBuildFile; fileRef = 90F44DE51745044900B191F2 /* button-round-tick-ok-icon.png */; };
		90F44E0B17450BA800B191F2 /* CoreVideo.framework in Frameworks */ = {isa = PBXBuildFile; fileRef = 90F44E0A17450BA800B191F2 /* CoreVideo.framework */; settings = {ATTRIBUTES = (Weak, ); }; };
		90F44E0D17450BB700B191F2 /* CoreMedia.framework in Frameworks */ = {isa = PBXBuildFile; fileRef = 90F44E0C17450BB700B191F2 /* CoreMedia.framework */; settings = {ATTRIBUTES = (Weak, ); }; };
		90F44E0F17450BC200B191F2 /* AVFoundation.framework in Frameworks */ = {isa = PBXBuildFile; fileRef = 90F44E0E17450BC200B191F2 /* AVFoundation.framework */; settings = {ATTRIBUTES = (Weak, ); }; };
		90F44E1117450BDE00B191F2 /* libiconv.dylib in Frameworks */ = {isa = PBXBuildFile; fileRef = 90F44E1017450BDD00B191F2 /* libiconv.dylib */; };
/* End PBXBuildFile section */

/* Begin PBXFileReference section */
		90147F9017217FD8002C593A /* Constants.h */ = {isa = PBXFileReference; lastKnownFileType = sourcecode.c.h; path = Constants.h; sourceTree = "<group>"; };
		90147F9417253DCA002C593A /* NetworkEngine.h */ = {isa = PBXFileReference; fileEncoding = 4; lastKnownFileType = sourcecode.c.h; path = NetworkEngine.h; sourceTree = "<group>"; };
		90147F9517253DCA002C593A /* NetworkEngine.m */ = {isa = PBXFileReference; fileEncoding = 4; lastKnownFileType = sourcecode.c.objc; path = NetworkEngine.m; sourceTree = "<group>"; };
		9021C2A21740F6480052841B /* XMLReader.h */ = {isa = PBXFileReference; fileEncoding = 4; lastKnownFileType = sourcecode.c.h; path = XMLReader.h; sourceTree = "<group>"; };
		9021C2A31740F6480052841B /* XMLReader.m */ = {isa = PBXFileReference; fileEncoding = 4; lastKnownFileType = sourcecode.c.objc; path = XMLReader.m; sourceTree = "<group>"; };
		9021C2A51740F8030052841B /* AWSRuntime.framework */ = {isa = PBXFileReference; lastKnownFileType = wrapper.framework; name = AWSRuntime.framework; path = shelfComics/AWSRuntime.framework; sourceTree = "<group>"; };
		9021C2AA17426AF20052841B /* CoreData.framework */ = {isa = PBXFileReference; lastKnownFileType = wrapper.framework; name = CoreData.framework; path = System/Library/Frameworks/CoreData.framework; sourceTree = SDKROOT; };
		9021C2AD17426C7C0052841B /* shelfComics.xcdatamodel */ = {isa = PBXFileReference; lastKnownFileType = wrapper.xcdatamodel; path = shelfComics.xcdatamodel; sourceTree = "<group>"; };
		9021C2B5174274250052841B /* Comics.h */ = {isa = PBXFileReference; fileEncoding = 4; lastKnownFileType = sourcecode.c.h; name = Comics.h; path = ../Comics.h; sourceTree = "<group>"; };
		9021C2B6174274250052841B /* Comics.m */ = {isa = PBXFileReference; fileEncoding = 4; lastKnownFileType = sourcecode.c.objc; name = Comics.m; path = ../Comics.m; sourceTree = "<group>"; };
		9021C2B9174276700052841B /* JSONKit.h */ = {isa = PBXFileReference; fileEncoding = 4; lastKnownFileType = sourcecode.c.h; path = JSONKit.h; sourceTree = "<group>"; };
		9021C2BA174276700052841B /* JSONKit.m */ = {isa = PBXFileReference; fileEncoding = 4; lastKnownFileType = sourcecode.c.objc; path = JSONKit.m; sourceTree = "<group>"; };
		9021C2BC1743C3990052841B /* Localizable.strings */ = {isa = PBXFileReference; fileEncoding = 4; lastKnownFileType = text.plist.strings; path = Localizable.strings; sourceTree = "<group>"; };
		9021C2BE1743D2710052841B /* QuartzCore.framework */ = {isa = PBXFileReference; lastKnownFileType = wrapper.framework; name = QuartzCore.framework; path = System/Library/Frameworks/QuartzCore.framework; sourceTree = SDKROOT; };
		9028629C176EFF7E00C62FDF /* Decoder.h */ = {isa = PBXFileReference; fileEncoding = 4; lastKnownFileType = sourcecode.c.h; path = Decoder.h; sourceTree = "<group>"; };
		9028629D176EFF7E00C62FDF /* Exception.h */ = {isa = PBXFileReference; fileEncoding = 4; lastKnownFileType = sourcecode.c.h; path = Exception.h; sourceTree = "<group>"; };
		9028629E176EFF7E00C62FDF /* Image.h */ = {isa = PBXFileReference; fileEncoding = 4; lastKnownFileType = sourcecode.c.h; path = Image.h; sourceTree = "<group>"; };
		9028629F176EFF7E00C62FDF /* ImageScanner.h */ = {isa = PBXFileReference; fileEncoding = 4; lastKnownFileType = sourcecode.c.h; path = ImageScanner.h; sourceTree = "<group>"; };
		902862A0176EFF7E00C62FDF /* Processor.h */ = {isa = PBXFileReference; fileEncoding = 4; lastKnownFileType = sourcecode.c.h; path = Processor.h; sourceTree = "<group>"; };
		902862A1176EFF7E00C62FDF /* Scanner.h */ = {isa = PBXFileReference; fileEncoding = 4; lastKnownFileType = sourcecode.c.h; path = Scanner.h; sourceTree = "<group>"; };
		902862A2176EFF7E00C62FDF /* Symbol.h */ = {isa = PBXFileReference; fileEncoding = 4; lastKnownFileType = sourcecode.c.h; path = Symbol.h; sourceTree = "<group>"; };
		902862A3176EFF7E00C62FDF /* Video.h */ = {isa = PBXFileReference; fileEncoding = 4; lastKnownFileType = sourcecode.c.h; path = Video.h; sourceTree = "<group>"; };
		902862A4176EFF7E00C62FDF /* Window.h */ = {isa = PBXFileReference; fileEncoding = 4; lastKnownFileType = sourcecode.c.h; path = Window.h; sourceTree = "<group>"; };
		902862A5176EFF7E00C62FDF /* zbar.h */ = {isa = PBXFileReference; fileEncoding = 4; lastKnownFileType = sourcecode.c.h; path = zbar.h; sourceTree = "<group>"; };
		902862A6176EFF7E00C62FDF /* ZBarCameraSimulator.h */ = {isa = PBXFileReference; fileEncoding = 4; lastKnownFileType = sourcecode.c.h; path = ZBarCameraSimulator.h; sourceTree = "<group>"; };
		902862A7176EFF7E00C62FDF /* ZBarCaptureReader.h */ = {isa = PBXFileReference; fileEncoding = 4; lastKnownFileType = sourcecode.c.h; path = ZBarCaptureReader.h; sourceTree = "<group>"; };
		902862A8176EFF7E00C62FDF /* ZBarHelpController.h */ = {isa = PBXFileReference; fileEncoding = 4; lastKnownFileType = sourcecode.c.h; path = ZBarHelpController.h; sourceTree = "<group>"; };
		902862A9176EFF7E00C62FDF /* ZBarImage.h */ = {isa = PBXFileReference; fileEncoding = 4; lastKnownFileType = sourcecode.c.h; path = ZBarImage.h; sourceTree = "<group>"; };
		902862AA176EFF7E00C62FDF /* ZBarImageScanner.h */ = {isa = PBXFileReference; fileEncoding = 4; lastKnownFileType = sourcecode.c.h; path = ZBarImageScanner.h; sourceTree = "<group>"; };
		902862AB176EFF7E00C62FDF /* ZBarReaderController.h */ = {isa = PBXFileReference; fileEncoding = 4; lastKnownFileType = sourcecode.c.h; path = ZBarReaderController.h; sourceTree = "<group>"; };
		902862AC176EFF7E00C62FDF /* ZBarReaderView.h */ = {isa = PBXFileReference; fileEncoding = 4; lastKnownFileType = sourcecode.c.h; path = ZBarReaderView.h; sourceTree = "<group>"; };
		902862AD176EFF7E00C62FDF /* ZBarReaderViewController.h */ = {isa = PBXFileReference; fileEncoding = 4; lastKnownFileType = sourcecode.c.h; path = ZBarReaderViewController.h; sourceTree = "<group>"; };
		902862AE176EFF7E00C62FDF /* ZBarSDK.h */ = {isa = PBXFileReference; fileEncoding = 4; lastKnownFileType = sourcecode.c.h; path = ZBarSDK.h; sourceTree = "<group>"; };
		902862AF176EFF7E00C62FDF /* ZBarSymbol.h */ = {isa = PBXFileReference; fileEncoding = 4; lastKnownFileType = sourcecode.c.h; path = ZBarSymbol.h; sourceTree = "<group>"; };
		902862B0176EFF7E00C62FDF /* libzbar.a */ = {isa = PBXFileReference; lastKnownFileType = archive.ar; path = libzbar.a; sourceTree = "<group>"; };
		902862B2176EFF7E00C62FDF /* zbar-back.png */ = {isa = PBXFileReference; lastKnownFileType = image.png; path = "zbar-back.png"; sourceTree = "<group>"; };
		902862B3176EFF7E00C62FDF /* zbar-help.html */ = {isa = PBXFileReference; fileEncoding = 4; lastKnownFileType = text.html; path = "zbar-help.html"; sourceTree = "<group>"; };
		902862B4176EFF7E00C62FDF /* zbar-helpicons.png */ = {isa = PBXFileReference; lastKnownFileType = image.png; path = "zbar-helpicons.png"; sourceTree = "<group>"; };
		902862B5176EFF7E00C62FDF /* zbar-samples.png */ = {isa = PBXFileReference; lastKnownFileType = image.png; path = "zbar-samples.png"; sourceTree = "<group>"; };
		903A727917661EEF0081BE27 /* Flurry.h */ = {isa = PBXFileReference; fileEncoding = 4; lastKnownFileType = sourcecode.c.h; path = Flurry.h; sourceTree = "<group>"; };
		903A727A17661EEF0081BE27 /* libFlurry.a */ = {isa = PBXFileReference; lastKnownFileType = archive.ar; path = libFlurry.a; sourceTree = "<group>"; };
		9041128D17608B5C008D19A0 /* crypt.h */ = {isa = PBXFileReference; fileEncoding = 4; lastKnownFileType = sourcecode.c.h; path = crypt.h; sourceTree = "<group>"; };
		9041128E17608B5C008D19A0 /* ioapi.c */ = {isa = PBXFileReference; fileEncoding = 4; lastKnownFileType = sourcecode.c.c; path = ioapi.c; sourceTree = "<group>"; };
		9041128F17608B5C008D19A0 /* ioapi.h */ = {isa = PBXFileReference; fileEncoding = 4; lastKnownFileType = sourcecode.c.h; path = ioapi.h; sourceTree = "<group>"; };
		9041129017608B5C008D19A0 /* mztools.c */ = {isa = PBXFileReference; fileEncoding = 4; lastKnownFileType = sourcecode.c.c; path = mztools.c; sourceTree = "<group>"; };
		9041129117608B5C008D19A0 /* mztools.h */ = {isa = PBXFileReference; fileEncoding = 4; lastKnownFileType = sourcecode.c.h; path = mztools.h; sourceTree = "<group>"; };
		9041129217608B5C008D19A0 /* unzip.c */ = {isa = PBXFileReference; fileEncoding = 4; lastKnownFileType = sourcecode.c.c; path = unzip.c; sourceTree = "<group>"; };
		9041129317608B5C008D19A0 /* unzip.h */ = {isa = PBXFileReference; fileEncoding = 4; lastKnownFileType = sourcecode.c.h; path = unzip.h; sourceTree = "<group>"; };
		9041129417608B5C008D19A0 /* zip.c */ = {isa = PBXFileReference; fileEncoding = 4; lastKnownFileType = sourcecode.c.c; path = zip.c; sourceTree = "<group>"; };
		9041129517608B5C008D19A0 /* zip.h */ = {isa = PBXFileReference; fileEncoding = 4; lastKnownFileType = sourcecode.c.h; path = zip.h; sourceTree = "<group>"; };
		9041129617608B5C008D19A0 /* ZipArchive.h */ = {isa = PBXFileReference; fileEncoding = 4; lastKnownFileType = sourcecode.c.h; path = ZipArchive.h; sourceTree = "<group>"; };
		9041129717608B5C008D19A0 /* ZipArchive.mm */ = {isa = PBXFileReference; fileEncoding = 4; lastKnownFileType = sourcecode.cpp.objcpp; path = ZipArchive.mm; sourceTree = "<group>"; };
		9041129D17608BEB008D19A0 /* libz.1.2.5.dylib */ = {isa = PBXFileReference; lastKnownFileType = "compiled.mach-o.dylib"; name = libz.1.2.5.dylib; path = usr/lib/libz.1.2.5.dylib; sourceTree = SDKROOT; };
		904E946117201C630050A676 /* AddViewController.h */ = {isa = PBXFileReference; fileEncoding = 4; lastKnownFileType = sourcecode.c.h; path = AddViewController.h; sourceTree = "<group>"; };
		904E946217201C630050A676 /* AddViewController.m */ = {isa = PBXFileReference; fileEncoding = 4; lastKnownFileType = sourcecode.c.objc; path = AddViewController.m; sourceTree = "<group>"; };
		904E946617202FA70050A676 /* deadpool.png */ = {isa = PBXFileReference; lastKnownFileType = image.png; path = deadpool.png; sourceTree = "<group>"; };
		904E946D172141A90050A676 /* NSAlert+MKNetworkKitAdditions.m */ = {isa = PBXFileReference; fileEncoding = 4; lastKnownFileType = sourcecode.c.objc; path = "NSAlert+MKNetworkKitAdditions.m"; sourceTree = "<group>"; };
		904E946E172141A90050A676 /* NSData+MKBase64.h */ = {isa = PBXFileReference; fileEncoding = 4; lastKnownFileType = sourcecode.c.h; path = "NSData+MKBase64.h"; sourceTree = "<group>"; };
		904E946F172141A90050A676 /* NSData+MKBase64.m */ = {isa = PBXFileReference; fileEncoding = 4; lastKnownFileType = sourcecode.c.objc; path = "NSData+MKBase64.m"; sourceTree = "<group>"; };
		904E9470172141A90050A676 /* NSDate+RFC1123.h */ = {isa = PBXFileReference; fileEncoding = 4; lastKnownFileType = sourcecode.c.h; path = "NSDate+RFC1123.h"; sourceTree = "<group>"; };
		904E9471172141A90050A676 /* NSDate+RFC1123.m */ = {isa = PBXFileReference; fileEncoding = 4; lastKnownFileType = sourcecode.c.objc; path = "NSDate+RFC1123.m"; sourceTree = "<group>"; };
		904E9472172141A90050A676 /* NSDictionary+RequestEncoding.h */ = {isa = PBXFileReference; fileEncoding = 4; lastKnownFileType = sourcecode.c.h; path = "NSDictionary+RequestEncoding.h"; sourceTree = "<group>"; };
		904E9473172141A90050A676 /* NSDictionary+RequestEncoding.m */ = {isa = PBXFileReference; fileEncoding = 4; lastKnownFileType = sourcecode.c.objc; path = "NSDictionary+RequestEncoding.m"; sourceTree = "<group>"; };
		904E9474172141A90050A676 /* NSString+MKNetworkKitAdditions.h */ = {isa = PBXFileReference; fileEncoding = 4; lastKnownFileType = sourcecode.c.h; path = "NSString+MKNetworkKitAdditions.h"; sourceTree = "<group>"; };
		904E9475172141A90050A676 /* NSString+MKNetworkKitAdditions.m */ = {isa = PBXFileReference; fileEncoding = 4; lastKnownFileType = sourcecode.c.objc; path = "NSString+MKNetworkKitAdditions.m"; sourceTree = "<group>"; };
		904E9476172141A90050A676 /* UIAlertView+MKNetworkKitAdditions.h */ = {isa = PBXFileReference; fileEncoding = 4; lastKnownFileType = sourcecode.c.h; path = "UIAlertView+MKNetworkKitAdditions.h"; sourceTree = "<group>"; };
		904E9477172141A90050A676 /* UIAlertView+MKNetworkKitAdditions.m */ = {isa = PBXFileReference; fileEncoding = 4; lastKnownFileType = sourcecode.c.objc; path = "UIAlertView+MKNetworkKitAdditions.m"; sourceTree = "<group>"; };
		904E9478172141A90050A676 /* UIImageView+MKNetworkKitAdditions.h */ = {isa = PBXFileReference; fileEncoding = 4; lastKnownFileType = sourcecode.c.h; path = "UIImageView+MKNetworkKitAdditions.h"; sourceTree = "<group>"; };
		904E9479172141A90050A676 /* UIImageView+MKNetworkKitAdditions.m */ = {isa = PBXFileReference; fileEncoding = 4; lastKnownFileType = sourcecode.c.objc; path = "UIImageView+MKNetworkKitAdditions.m"; sourceTree = "<group>"; };
		904E947A172141A90050A676 /* MKNetworkEngine.h */ = {isa = PBXFileReference; fileEncoding = 4; lastKnownFileType = sourcecode.c.h; path = MKNetworkEngine.h; sourceTree = "<group>"; };
		904E947B172141A90050A676 /* MKNetworkEngine.m */ = {isa = PBXFileReference; fileEncoding = 4; lastKnownFileType = sourcecode.c.objc; path = MKNetworkEngine.m; sourceTree = "<group>"; };
		904E947C172141A90050A676 /* MKNetworkKit.h */ = {isa = PBXFileReference; fileEncoding = 4; lastKnownFileType = sourcecode.c.h; path = MKNetworkKit.h; sourceTree = "<group>"; };
		904E947D172141A90050A676 /* MKNetworkOperation.h */ = {isa = PBXFileReference; fileEncoding = 4; lastKnownFileType = sourcecode.c.h; path = MKNetworkOperation.h; sourceTree = "<group>"; };
		904E947E172141A90050A676 /* MKNetworkOperation.m */ = {isa = PBXFileReference; fileEncoding = 4; lastKnownFileType = sourcecode.c.objc; path = MKNetworkOperation.m; sourceTree = "<group>"; };
		904E9480172141A90050A676 /* Reachability.h */ = {isa = PBXFileReference; fileEncoding = 4; lastKnownFileType = sourcecode.c.h; path = Reachability.h; sourceTree = "<group>"; };
		904E9481172141A90050A676 /* Reachability.m */ = {isa = PBXFileReference; fileEncoding = 4; lastKnownFileType = sourcecode.c.objc; path = Reachability.m; sourceTree = "<group>"; };
		904E948C172141CB0050A676 /* CFNetwork.framework */ = {isa = PBXFileReference; lastKnownFileType = wrapper.framework; name = CFNetwork.framework; path = System/Library/Frameworks/CFNetwork.framework; sourceTree = SDKROOT; };
		904E948E172141D40050A676 /* SystemConfiguration.framework */ = {isa = PBXFileReference; lastKnownFileType = wrapper.framework; name = SystemConfiguration.framework; path = System/Library/Frameworks/SystemConfiguration.framework; sourceTree = SDKROOT; };
		904E9490172141DC0050A676 /* Security.framework */ = {isa = PBXFileReference; lastKnownFileType = wrapper.framework; name = Security.framework; path = System/Library/Frameworks/Security.framework; sourceTree = SDKROOT; };
		906F5727174E6598002DEFBC /* ContentViewController.h */ = {isa = PBXFileReference; fileEncoding = 4; lastKnownFileType = sourcecode.c.h; path = ContentViewController.h; sourceTree = "<group>"; };
		906F5728174E6599002DEFBC /* ContentViewController.m */ = {isa = PBXFileReference; fileEncoding = 4; lastKnownFileType = sourcecode.c.objc; path = ContentViewController.m; sourceTree = "<group>"; };
		906FA6B717539E9600E7B120 /* SaveiCloud.h */ = {isa = PBXFileReference; fileEncoding = 4; lastKnownFileType = sourcecode.c.h; path = SaveiCloud.h; sourceTree = "<group>"; };
		906FA6B817539E9600E7B120 /* SaveiCloud.m */ = {isa = PBXFileReference; fileEncoding = 4; lastKnownFileType = sourcecode.c.objc; path = SaveiCloud.m; sourceTree = "<group>"; };
		906FB3B11755011900411D6C /* shelfComics.entitlements */ = {isa = PBXFileReference; lastKnownFileType = text.xml; path = shelfComics.entitlements; sourceTree = "<group>"; };
		90B8E864171FE09D00452F68 /* shelfComics.app */ = {isa = PBXFileReference; explicitFileType = wrapper.application; includeInIndex = 0; path = shelfComics.app; sourceTree = BUILT_PRODUCTS_DIR; };
		90B8E867171FE09D00452F68 /* UIKit.framework */ = {isa = PBXFileReference; lastKnownFileType = wrapper.framework; name = UIKit.framework; path = System/Library/Frameworks/UIKit.framework; sourceTree = SDKROOT; };
		90B8E869171FE09D00452F68 /* Foundation.framework */ = {isa = PBXFileReference; lastKnownFileType = wrapper.framework; name = Foundation.framework; path = System/Library/Frameworks/Foundation.framework; sourceTree = SDKROOT; };
		90B8E86B171FE09D00452F68 /* CoreGraphics.framework */ = {isa = PBXFileReference; lastKnownFileType = wrapper.framework; name = CoreGraphics.framework; path = System/Library/Frameworks/CoreGraphics.framework; sourceTree = SDKROOT; };
		90B8E86F171FE09D00452F68 /* shelfComics-Info.plist */ = {isa = PBXFileReference; lastKnownFileType = text.plist.xml; path = "shelfComics-Info.plist"; sourceTree = "<group>"; };
		90B8E871171FE09D00452F68 /* en */ = {isa = PBXFileReference; lastKnownFileType = text.plist.strings; name = en; path = en.lproj/InfoPlist.strings; sourceTree = "<group>"; };
		90B8E873171FE09E00452F68 /* main.m */ = {isa = PBXFileReference; lastKnownFileType = sourcecode.c.objc; path = main.m; sourceTree = "<group>"; };
		90B8E875171FE09E00452F68 /* shelfComics-Prefix.pch */ = {isa = PBXFileReference; lastKnownFileType = sourcecode.c.h; path = "shelfComics-Prefix.pch"; sourceTree = "<group>"; };
		90B8E876171FE09E00452F68 /* AppDelegate.h */ = {isa = PBXFileReference; lastKnownFileType = sourcecode.c.h; path = AppDelegate.h; sourceTree = "<group>"; };
		90B8E877171FE09E00452F68 /* AppDelegate.m */ = {isa = PBXFileReference; lastKnownFileType = sourcecode.c.objc; path = AppDelegate.m; sourceTree = "<group>"; };
		90B8E879171FE09E00452F68 /* Default.png */ = {isa = PBXFileReference; lastKnownFileType = image.png; path = Default.png; sourceTree = "<group>"; };
		90B8E87B171FE09E00452F68 /* Default@2x.png */ = {isa = PBXFileReference; lastKnownFileType = image.png; path = "Default@2x.png"; sourceTree = "<group>"; };
		90B8E87D171FE09E00452F68 /* Default-568h@2x.png */ = {isa = PBXFileReference; lastKnownFileType = image.png; path = "Default-568h@2x.png"; sourceTree = "<group>"; };
		90B8E880171FE09E00452F68 /* en */ = {isa = PBXFileReference; lastKnownFileType = file.storyboard; name = en; path = en.lproj/MainStoryboard_iPhone.storyboard; sourceTree = "<group>"; };
		90B8E883171FE09E00452F68 /* en */ = {isa = PBXFileReference; lastKnownFileType = file.storyboard; name = en; path = en.lproj/MainStoryboard_iPad.storyboard; sourceTree = "<group>"; };
		90B8E88E171FE1D100452F68 /* SWRevealViewController.h */ = {isa = PBXFileReference; fileEncoding = 4; lastKnownFileType = sourcecode.c.h; path = SWRevealViewController.h; sourceTree = "<group>"; };
		90B8E88F171FE1D100452F68 /* SWRevealViewController.m */ = {isa = PBXFileReference; fileEncoding = 4; lastKnownFileType = sourcecode.c.objc; path = SWRevealViewController.m; sourceTree = "<group>"; };
		90B8E891171FEA7500452F68 /* MenuViewController.h */ = {isa = PBXFileReference; fileEncoding = 4; lastKnownFileType = sourcecode.c.h; path = MenuViewController.h; sourceTree = "<group>"; };
		90B8E892171FEA7500452F68 /* MenuViewController.m */ = {isa = PBXFileReference; fileEncoding = 4; lastKnownFileType = sourcecode.c.objc; path = MenuViewController.m; sourceTree = "<group>"; };
		90B8E895171FEFAD00452F68 /* reveal-icon.png */ = {isa = PBXFileReference; lastKnownFileType = image.png; path = "reveal-icon.png"; sourceTree = "<group>"; };
		90B8E896171FEFAD00452F68 /* reveal-icon@2x.png */ = {isa = PBXFileReference; lastKnownFileType = image.png; path = "reveal-icon@2x.png"; sourceTree = "<group>"; };
		90B8E899171FF45A00452F68 /* HomeViewController.h */ = {isa = PBXFileReference; fileEncoding = 4; lastKnownFileType = sourcecode.c.h; path = HomeViewController.h; sourceTree = "<group>"; };
		90B8E89A171FF45A00452F68 /* HomeViewController.m */ = {isa = PBXFileReference; fileEncoding = 4; lastKnownFileType = sourcecode.c.objc; path = HomeViewController.m; sourceTree = "<group>"; };
		90D080AF1746819C00BF07F0 /* MobileCoreServices.framework */ = {isa = PBXFileReference; lastKnownFileType = wrapper.framework; name = MobileCoreServices.framework; path = System/Library/Frameworks/MobileCoreServices.framework; sourceTree = SDKROOT; };
		90D080B1174A18EB00BF07F0 /* FileHelpers.h */ = {isa = PBXFileReference; fileEncoding = 4; lastKnownFileType = sourcecode.c.h; path = FileHelpers.h; sourceTree = "<group>"; };
		90D080B2174A18EB00BF07F0 /* FileHelpers.m */ = {isa = PBXFileReference; fileEncoding = 4; lastKnownFileType = sourcecode.c.objc; path = FileHelpers.m; sourceTree = "<group>"; };
		90D080B4174A567E00BF07F0 /* ComicsViewController.h */ = {isa = PBXFileReference; fileEncoding = 4; lastKnownFileType = sourcecode.c.h; path = ComicsViewController.h; sourceTree = "<group>"; };
		90D080B5174A567E00BF07F0 /* ComicsViewController.m */ = {isa = PBXFileReference; fileEncoding = 4; lastKnownFileType = sourcecode.c.objc; path = ComicsViewController.m; sourceTree = "<group>"; };
		90D080B7174A670C00BF07F0 /* no_file.jpg */ = {isa = PBXFileReference; lastKnownFileType = image.jpeg; path = no_file.jpg; sourceTree = "<group>"; };
		90F2EAB8175DEA5F000A08F5 /* Crashlytics.framework */ = {isa = PBXFileReference; lastKnownFileType = wrapper.framework; path = Crashlytics.framework; sourceTree = "<group>"; };
		90F44DE51745044900B191F2 /* button-round-tick-ok-icon.png */ = {isa = PBXFileReference; lastKnownFileType = image.png; path = "button-round-tick-ok-icon.png"; sourceTree = "<group>"; };
		90F44E0A17450BA800B191F2 /* CoreVideo.framework */ = {isa = PBXFileReference; lastKnownFileType = wrapper.framework; name = CoreVideo.framework; path = System/Library/Frameworks/CoreVideo.framework; sourceTree = SDKROOT; };
		90F44E0C17450BB700B191F2 /* CoreMedia.framework */ = {isa = PBXFileReference; lastKnownFileType = wrapper.framework; name = CoreMedia.framework; path = System/Library/Frameworks/CoreMedia.framework; sourceTree = SDKROOT; };
		90F44E0E17450BC200B191F2 /* AVFoundation.framework */ = {isa = PBXFileReference; lastKnownFileType = wrapper.framework; name = AVFoundation.framework; path = System/Library/Frameworks/AVFoundation.framework; sourceTree = SDKROOT; };
		90F44E1017450BDD00B191F2 /* libiconv.dylib */ = {isa = PBXFileReference; lastKnownFileType = "compiled.mach-o.dylib"; name = libiconv.dylib; path = usr/lib/libiconv.dylib; sourceTree = SDKROOT; };
/* End PBXFileReference section */

/* Begin PBXFrameworksBuildPhase section */
		90B8E861171FE09D00452F68 /* Frameworks */ = {
			isa = PBXFrameworksBuildPhase;
			buildActionMask = 2147483647;
			files = (
				9041129E17608BEB008D19A0 /* libz.1.2.5.dylib in Frameworks */,
				90D080B01746819C00BF07F0 /* MobileCoreServices.framework in Frameworks */,
				902862B6176EFF7E00C62FDF /* libzbar.a in Frameworks */,
				90F44E1117450BDE00B191F2 /* libiconv.dylib in Frameworks */,
				90F44E0F17450BC200B191F2 /* AVFoundation.framework in Frameworks */,
				90F44E0D17450BB700B191F2 /* CoreMedia.framework in Frameworks */,
				90F44E0B17450BA800B191F2 /* CoreVideo.framework in Frameworks */,
				9021C2BF1743D2710052841B /* QuartzCore.framework in Frameworks */,
				9021C2AB17426AF20052841B /* CoreData.framework in Frameworks */,
				9021C2A61740F8030052841B /* AWSRuntime.framework in Frameworks */,
				904E9491172141DC0050A676 /* Security.framework in Frameworks */,
				904E948F172141D40050A676 /* SystemConfiguration.framework in Frameworks */,
				904E948D172141CB0050A676 /* CFNetwork.framework in Frameworks */,
				90B8E868171FE09D00452F68 /* UIKit.framework in Frameworks */,
				90B8E86A171FE09D00452F68 /* Foundation.framework in Frameworks */,
				90B8E86C171FE09D00452F68 /* CoreGraphics.framework in Frameworks */,
				90F2EAB9175DEA5F000A08F5 /* Crashlytics.framework in Frameworks */,
				903A727B17661EEF0081BE27 /* libFlurry.a in Frameworks */,
			);
			runOnlyForDeploymentPostprocessing = 0;
		};
/* End PBXFrameworksBuildPhase section */

/* Begin PBXGroup section */
		9021C2A11740F5410052841B /* XMLReader */ = {
			isa = PBXGroup;
			children = (
				9021C2A21740F6480052841B /* XMLReader.h */,
				9021C2A31740F6480052841B /* XMLReader.m */,
			);
			name = XMLReader;
			sourceTree = "<group>";
		};
		9021C2B81742765C0052841B /* JSONKit */ = {
			isa = PBXGroup;
			children = (
				9021C2B9174276700052841B /* JSONKit.h */,
				9021C2BA174276700052841B /* JSONKit.m */,
			);
			name = JSONKit;
			sourceTree = "<group>";
		};
		90286298176EFF7E00C62FDF /* ZBarSDK */ = {
			isa = PBXGroup;
			children = (
				90286299176EFF7E00C62FDF /* Headers */,
				902862B0176EFF7E00C62FDF /* libzbar.a */,
				902862B1176EFF7E00C62FDF /* Resources */,
			);
			path = ZBarSDK;
			sourceTree = "<group>";
		};
		90286299176EFF7E00C62FDF /* Headers */ = {
			isa = PBXGroup;
			children = (
				9028629A176EFF7E00C62FDF /* ZBarSDK */,
			);
			path = Headers;
			sourceTree = "<group>";
		};
		9028629A176EFF7E00C62FDF /* ZBarSDK */ = {
			isa = PBXGroup;
			children = (
				9028629B176EFF7E00C62FDF /* zbar */,
				902862A5176EFF7E00C62FDF /* zbar.h */,
				902862A6176EFF7E00C62FDF /* ZBarCameraSimulator.h */,
				902862A7176EFF7E00C62FDF /* ZBarCaptureReader.h */,
				902862A8176EFF7E00C62FDF /* ZBarHelpController.h */,
				902862A9176EFF7E00C62FDF /* ZBarImage.h */,
				902862AA176EFF7E00C62FDF /* ZBarImageScanner.h */,
				902862AB176EFF7E00C62FDF /* ZBarReaderController.h */,
				902862AC176EFF7E00C62FDF /* ZBarReaderView.h */,
				902862AD176EFF7E00C62FDF /* ZBarReaderViewController.h */,
				902862AE176EFF7E00C62FDF /* ZBarSDK.h */,
				902862AF176EFF7E00C62FDF /* ZBarSymbol.h */,
			);
			path = ZBarSDK;
			sourceTree = "<group>";
		};
		9028629B176EFF7E00C62FDF /* zbar */ = {
			isa = PBXGroup;
			children = (
				9028629C176EFF7E00C62FDF /* Decoder.h */,
				9028629D176EFF7E00C62FDF /* Exception.h */,
				9028629E176EFF7E00C62FDF /* Image.h */,
				9028629F176EFF7E00C62FDF /* ImageScanner.h */,
				902862A0176EFF7E00C62FDF /* Processor.h */,
				902862A1176EFF7E00C62FDF /* Scanner.h */,
				902862A2176EFF7E00C62FDF /* Symbol.h */,
				902862A3176EFF7E00C62FDF /* Video.h */,
				902862A4176EFF7E00C62FDF /* Window.h */,
			);
			path = zbar;
			sourceTree = "<group>";
		};
		902862B1176EFF7E00C62FDF /* Resources */ = {
			isa = PBXGroup;
			children = (
				902862B2176EFF7E00C62FDF /* zbar-back.png */,
				902862B3176EFF7E00C62FDF /* zbar-help.html */,
				902862B4176EFF7E00C62FDF /* zbar-helpicons.png */,
				902862B5176EFF7E00C62FDF /* zbar-samples.png */,
			);
			path = Resources;
			sourceTree = "<group>";
		};
		903A727817661EEF0081BE27 /* Flurry */ = {
			isa = PBXGroup;
			children = (
				903A727917661EEF0081BE27 /* Flurry.h */,
				903A727A17661EEF0081BE27 /* libFlurry.a */,
			);
			path = Flurry;
			sourceTree = "<group>";
		};
		9041128B17608B5C008D19A0 /* ZipArchive */ = {
			isa = PBXGroup;
			children = (
				9041128C17608B5C008D19A0 /* minizip */,
				9041129617608B5C008D19A0 /* ZipArchive.h */,
				9041129717608B5C008D19A0 /* ZipArchive.mm */,
			);
			path = ZipArchive;
			sourceTree = "<group>";
		};
		9041128C17608B5C008D19A0 /* minizip */ = {
			isa = PBXGroup;
			children = (
				9041128D17608B5C008D19A0 /* crypt.h */,
				9041128E17608B5C008D19A0 /* ioapi.c */,
				9041128F17608B5C008D19A0 /* ioapi.h */,
				9041129017608B5C008D19A0 /* mztools.c */,
				9041129117608B5C008D19A0 /* mztools.h */,
				9041129217608B5C008D19A0 /* unzip.c */,
				9041129317608B5C008D19A0 /* unzip.h */,
				9041129417608B5C008D19A0 /* zip.c */,
				9041129517608B5C008D19A0 /* zip.h */,
			);
			path = minizip;
			sourceTree = "<group>";
		};
		904E946A172141A90050A676 /* MKNetworkKit */ = {
			isa = PBXGroup;
			children = (
				904E946B172141A90050A676 /* Categories */,
				904E947A172141A90050A676 /* MKNetworkEngine.h */,
				904E947B172141A90050A676 /* MKNetworkEngine.m */,
				904E947C172141A90050A676 /* MKNetworkKit.h */,
				904E947D172141A90050A676 /* MKNetworkOperation.h */,
				904E947E172141A90050A676 /* MKNetworkOperation.m */,
				904E947F172141A90050A676 /* Reachability */,
			);
			path = MKNetworkKit;
			sourceTree = "<group>";
		};
		904E946B172141A90050A676 /* Categories */ = {
			isa = PBXGroup;
			children = (
				904E946D172141A90050A676 /* NSAlert+MKNetworkKitAdditions.m */,
				904E946E172141A90050A676 /* NSData+MKBase64.h */,
				904E946F172141A90050A676 /* NSData+MKBase64.m */,
				904E9470172141A90050A676 /* NSDate+RFC1123.h */,
				904E9471172141A90050A676 /* NSDate+RFC1123.m */,
				904E9472172141A90050A676 /* NSDictionary+RequestEncoding.h */,
				904E9473172141A90050A676 /* NSDictionary+RequestEncoding.m */,
				904E9474172141A90050A676 /* NSString+MKNetworkKitAdditions.h */,
				904E9475172141A90050A676 /* NSString+MKNetworkKitAdditions.m */,
				904E9476172141A90050A676 /* UIAlertView+MKNetworkKitAdditions.h */,
				904E9477172141A90050A676 /* UIAlertView+MKNetworkKitAdditions.m */,
				904E9478172141A90050A676 /* UIImageView+MKNetworkKitAdditions.h */,
				904E9479172141A90050A676 /* UIImageView+MKNetworkKitAdditions.m */,
			);
			path = Categories;
			sourceTree = "<group>";
		};
		904E947F172141A90050A676 /* Reachability */ = {
			isa = PBXGroup;
			children = (
				904E9480172141A90050A676 /* Reachability.h */,
				904E9481172141A90050A676 /* Reachability.m */,
			);
			path = Reachability;
			sourceTree = "<group>";
		};
		90B8E85B171FE09D00452F68 = {
			isa = PBXGroup;
			children = (
				90B8E86D171FE09D00452F68 /* shelfComics */,
				90B8E866171FE09D00452F68 /* Frameworks */,
				90B8E865171FE09D00452F68 /* Products */,
			);
			sourceTree = "<group>";
		};
		90B8E865171FE09D00452F68 /* Products */ = {
			isa = PBXGroup;
			children = (
				90B8E864171FE09D00452F68 /* shelfComics.app */,
			);
			name = Products;
			sourceTree = "<group>";
		};
		90B8E866171FE09D00452F68 /* Frameworks */ = {
			isa = PBXGroup;
			children = (
				9041129D17608BEB008D19A0 /* libz.1.2.5.dylib */,
				90F2EAB8175DEA5F000A08F5 /* Crashlytics.framework */,
				90D080AF1746819C00BF07F0 /* MobileCoreServices.framework */,
				90F44E1017450BDD00B191F2 /* libiconv.dylib */,
				90F44E0E17450BC200B191F2 /* AVFoundation.framework */,
				90F44E0C17450BB700B191F2 /* CoreMedia.framework */,
				90F44E0A17450BA800B191F2 /* CoreVideo.framework */,
				9021C2BE1743D2710052841B /* QuartzCore.framework */,
				9021C2AA17426AF20052841B /* CoreData.framework */,
				9021C2A51740F8030052841B /* AWSRuntime.framework */,
				904E9490172141DC0050A676 /* Security.framework */,
				904E948E172141D40050A676 /* SystemConfiguration.framework */,
				904E948C172141CB0050A676 /* CFNetwork.framework */,
				90B8E867171FE09D00452F68 /* UIKit.framework */,
				90B8E869171FE09D00452F68 /* Foundation.framework */,
				90B8E86B171FE09D00452F68 /* CoreGraphics.framework */,
			);
			name = Frameworks;
			sourceTree = "<group>";
		};
		90B8E86D171FE09D00452F68 /* shelfComics */ = {
			isa = PBXGroup;
			children = (
				90B8E894171FEF8300452F68 /* Assets */,
				90B8E88D171FE0B400452F68 /* Externals */,
				90B8E876171FE09E00452F68 /* AppDelegate.h */,
				90B8E877171FE09E00452F68 /* AppDelegate.m */,
				90147F9017217FD8002C593A /* Constants.h */,
				90147F9417253DCA002C593A /* NetworkEngine.h */,
				90147F9517253DCA002C593A /* NetworkEngine.m */,
				90B8E891171FEA7500452F68 /* MenuViewController.h */,
				90B8E892171FEA7500452F68 /* MenuViewController.m */,
				90B8E899171FF45A00452F68 /* HomeViewController.h */,
				90B8E89A171FF45A00452F68 /* HomeViewController.m */,
				904E946117201C630050A676 /* AddViewController.h */,
				904E946217201C630050A676 /* AddViewController.m */,
				90D080B4174A567E00BF07F0 /* ComicsViewController.h */,
				90D080B5174A567E00BF07F0 /* ComicsViewController.m */,
				906F5727174E6598002DEFBC /* ContentViewController.h */,
				906F5728174E6599002DEFBC /* ContentViewController.m */,
				906FA6B717539E9600E7B120 /* SaveiCloud.h */,
				906FA6B817539E9600E7B120 /* SaveiCloud.m */,
				90D080B1174A18EB00BF07F0 /* FileHelpers.h */,
				90D080B2174A18EB00BF07F0 /* FileHelpers.m */,
				9021C2B5174274250052841B /* Comics.h */,
				9021C2B6174274250052841B /* Comics.m */,
				9021C2AC17426C7C0052841B /* shelfComics.xcdatamodeld */,
				90B8E87F171FE09E00452F68 /* MainStoryboard_iPhone.storyboard */,
				90B8E882171FE09E00452F68 /* MainStoryboard_iPad.storyboard */,
				90B8E86E171FE09D00452F68 /* Supporting Files */,
			);
			path = shelfComics;
			sourceTree = "<group>";
		};
		90B8E86E171FE09D00452F68 /* Supporting Files */ = {
			isa = PBXGroup;
			children = (
				906FB3B11755011900411D6C /* shelfComics.entitlements */,
				90B8E86F171FE09D00452F68 /* shelfComics-Info.plist */,
				90B8E870171FE09D00452F68 /* InfoPlist.strings */,
				90B8E873171FE09E00452F68 /* main.m */,
				90B8E875171FE09E00452F68 /* shelfComics-Prefix.pch */,
				90B8E879171FE09E00452F68 /* Default.png */,
				90B8E87B171FE09E00452F68 /* Default@2x.png */,
				90B8E87D171FE09E00452F68 /* Default-568h@2x.png */,
				9021C2BC1743C3990052841B /* Localizable.strings */,
			);
			name = "Supporting Files";
			sourceTree = "<group>";
		};
		90B8E88D171FE0B400452F68 /* Externals */ = {
			isa = PBXGroup;
			children = (
				90286298176EFF7E00C62FDF /* ZBarSDK */,
				9041128B17608B5C008D19A0 /* ZipArchive */,
				9021C2B81742765C0052841B /* JSONKit */,
				9021C2A11740F5410052841B /* XMLReader */,
				904E946A172141A90050A676 /* MKNetworkKit */,
				90B8E88E171FE1D100452F68 /* SWRevealViewController.h */,
				90B8E88F171FE1D100452F68 /* SWRevealViewController.m */,
				903A727817661EEF0081BE27 /* Flurry */,
			);
			name = Externals;
			sourceTree = "<group>";
		};
		90B8E894171FEF8300452F68 /* Assets */ = {
			isa = PBXGroup;
			children = (
				90D080B7174A670C00BF07F0 /* no_file.jpg */,
				90B8E895171FEFAD00452F68 /* reveal-icon.png */,
				90F44DE51745044900B191F2 /* button-round-tick-ok-icon.png */,
				90B8E896171FEFAD00452F68 /* reveal-icon@2x.png */,
				904E946617202FA70050A676 /* deadpool.png */,
			);
			name = Assets;
			sourceTree = "<group>";
		};
/* End PBXGroup section */

/* Begin PBXNativeTarget section */
		90B8E863171FE09D00452F68 /* shelfComics */ = {
			isa = PBXNativeTarget;
			buildConfigurationList = 90B8E88A171FE09E00452F68 /* Build configuration list for PBXNativeTarget "shelfComics" */;
			buildPhases = (
				90B8E860171FE09D00452F68 /* Sources */,
				90B8E861171FE09D00452F68 /* Frameworks */,
				90B8E862171FE09D00452F68 /* Resources */,
				90F2EAB7175DEA46000A08F5 /* ShellScript */,
			);
			buildRules = (
			);
			dependencies = (
			);
			name = shelfComics;
			productName = shelfComics;
			productReference = 90B8E864171FE09D00452F68 /* shelfComics.app */;
			productType = "com.apple.product-type.application";
		};
/* End PBXNativeTarget section */

/* Begin PBXProject section */
		90B8E85C171FE09D00452F68 /* Project object */ = {
			isa = PBXProject;
			attributes = {
				LastUpgradeCheck = 0500;
				ORGANIZATIONNAME = "Rémy ALEXANDRE";
			};
			buildConfigurationList = 90B8E85F171FE09D00452F68 /* Build configuration list for PBXProject "shelfComics" */;
			compatibilityVersion = "Xcode 3.2";
			developmentRegion = English;
			hasScannedForEncodings = 0;
			knownRegions = (
				en,
			);
			mainGroup = 90B8E85B171FE09D00452F68;
			productRefGroup = 90B8E865171FE09D00452F68 /* Products */;
			projectDirPath = "";
			projectRoot = "";
			targets = (
				90B8E863171FE09D00452F68 /* shelfComics */,
			);
		};
/* End PBXProject section */

/* Begin PBXResourcesBuildPhase section */
		90B8E862171FE09D00452F68 /* Resources */ = {
			isa = PBXResourcesBuildPhase;
			buildActionMask = 2147483647;
			files = (
				902862B7176EFF7E00C62FDF /* zbar-back.png in Resources */,
				90B8E872171FE09D00452F68 /* InfoPlist.strings in Resources */,
				90B8E87A171FE09E00452F68 /* Default.png in Resources */,
				90B8E87C171FE09E00452F68 /* Default@2x.png in Resources */,
				902862BA176EFF7E00C62FDF /* zbar-samples.png in Resources */,
				90B8E87E171FE09E00452F68 /* Default-568h@2x.png in Resources */,
				902862B9176EFF7E00C62FDF /* zbar-helpicons.png in Resources */,
				90B8E881171FE09E00452F68 /* MainStoryboard_iPhone.storyboard in Resources */,
				90B8E884171FE09E00452F68 /* MainStoryboard_iPad.storyboard in Resources */,
				90B8E897171FEFAD00452F68 /* reveal-icon.png in Resources */,
				90B8E898171FEFAD00452F68 /* reveal-icon@2x.png in Resources */,
				904E946717202FA70050A676 /* deadpool.png in Resources */,
				9021C2BD1743C3990052841B /* Localizable.strings in Resources */,
				90F44DE61745044900B191F2 /* button-round-tick-ok-icon.png in Resources */,
				902862B8176EFF7E00C62FDF /* zbar-help.html in Resources */,
				90D080B8174A670C00BF07F0 /* no_file.jpg in Resources */,
			);
			runOnlyForDeploymentPostprocessing = 0;
		};
/* End PBXResourcesBuildPhase section */

/* Begin PBXShellScriptBuildPhase section */
		90F2EAB7175DEA46000A08F5 /* ShellScript */ = {
			isa = PBXShellScriptBuildPhase;
			buildActionMask = 2147483647;
			files = (
			);
			inputPaths = (
			);
			outputPaths = (
			);
			runOnlyForDeploymentPostprocessing = 0;
			shellPath = /bin/sh;
			shellScript = "./Crashlytics.framework/run b3bcdce93e4c5843db8eb73320637a4294753e88";
		};
/* End PBXShellScriptBuildPhase section */

/* Begin PBXSourcesBuildPhase section */
		90B8E860171FE09D00452F68 /* Sources */ = {
			isa = PBXSourcesBuildPhase;
			buildActionMask = 2147483647;
			files = (
				90B8E874171FE09E00452F68 /* main.m in Sources */,
				90B8E878171FE09E00452F68 /* AppDelegate.m in Sources */,
				90B8E890171FE1D100452F68 /* SWRevealViewController.m in Sources */,
				90B8E893171FEA7500452F68 /* MenuViewController.m in Sources */,
				90B8E89B171FF45A00452F68 /* HomeViewController.m in Sources */,
				904E946317201C630050A676 /* AddViewController.m in Sources */,
				904E9482172141A90050A676 /* NSAlert+MKNetworkKitAdditions.m in Sources */,
				904E9483172141A90050A676 /* NSData+MKBase64.m in Sources */,
				904E9484172141A90050A676 /* NSDate+RFC1123.m in Sources */,
				904E9485172141A90050A676 /* NSDictionary+RequestEncoding.m in Sources */,
				904E9486172141A90050A676 /* NSString+MKNetworkKitAdditions.m in Sources */,
				904E9487172141A90050A676 /* UIAlertView+MKNetworkKitAdditions.m in Sources */,
				904E9488172141A90050A676 /* UIImageView+MKNetworkKitAdditions.m in Sources */,
				904E9489172141A90050A676 /* MKNetworkEngine.m in Sources */,
				904E948A172141A90050A676 /* MKNetworkOperation.m in Sources */,
				904E948B172141A90050A676 /* Reachability.m in Sources */,
				90147F9617253DCA002C593A /* NetworkEngine.m in Sources */,
				9021C2A41740F6480052841B /* XMLReader.m in Sources */,
				9021C2AE17426C7C0052841B /* shelfComics.xcdatamodeld in Sources */,
				9021C2B7174274250052841B /* Comics.m in Sources */,
				9021C2BB174276700052841B /* JSONKit.m in Sources */,
				90D080B3174A18EB00BF07F0 /* FileHelpers.m in Sources */,
				90D080B6174A567E00BF07F0 /* ComicsViewController.m in Sources */,
				906F5729174E6599002DEFBC /* ContentViewController.m in Sources */,
				906FA6B917539E9600E7B120 /* SaveiCloud.m in Sources */,
				9041129817608B5C008D19A0 /* ioapi.c in Sources */,
				9041129917608B5C008D19A0 /* mztools.c in Sources */,
				9041129A17608B5C008D19A0 /* unzip.c in Sources */,
				9041129B17608B5C008D19A0 /* zip.c in Sources */,
				9041129C17608B5C008D19A0 /* ZipArchive.mm in Sources */,
			);
			runOnlyForDeploymentPostprocessing = 0;
		};
/* End PBXSourcesBuildPhase section */

/* Begin PBXVariantGroup section */
		90B8E870171FE09D00452F68 /* InfoPlist.strings */ = {
			isa = PBXVariantGroup;
			children = (
				90B8E871171FE09D00452F68 /* en */,
			);
			name = InfoPlist.strings;
			sourceTree = "<group>";
		};
		90B8E87F171FE09E00452F68 /* MainStoryboard_iPhone.storyboard */ = {
			isa = PBXVariantGroup;
			children = (
				90B8E880171FE09E00452F68 /* en */,
			);
			name = MainStoryboard_iPhone.storyboard;
			sourceTree = "<group>";
		};
		90B8E882171FE09E00452F68 /* MainStoryboard_iPad.storyboard */ = {
			isa = PBXVariantGroup;
			children = (
				90B8E883171FE09E00452F68 /* en */,
			);
			name = MainStoryboard_iPad.storyboard;
			sourceTree = "<group>";
		};
/* End PBXVariantGroup section */

/* Begin XCBuildConfiguration section */
		90B8E888171FE09E00452F68 /* Debug */ = {
			isa = XCBuildConfiguration;
			buildSettings = {
				ALWAYS_SEARCH_USER_PATHS = NO;
				CLANG_CXX_LANGUAGE_STANDARD = "gnu++0x";
				CLANG_CXX_LIBRARY = "libc++";
				CLANG_ENABLE_OBJC_ARC = YES;
				CLANG_WARN_CONSTANT_CONVERSION = YES;
				CLANG_WARN_EMPTY_BODY = YES;
				CLANG_WARN_ENUM_CONVERSION = YES;
				CLANG_WARN_INT_CONVERSION = YES;
				CLANG_WARN__DUPLICATE_METHOD_MATCH = YES;
				CODE_SIGN_IDENTITY = "iPhone Developer: Remy ALEXANDRE (37ZG2249EW)";
				"CODE_SIGN_IDENTITY[sdk=iphoneos*]" = "iPhone Developer: Remy ALEXANDRE (37ZG2249EW)";
				COPY_PHASE_STRIP = NO;
				GCC_C_LANGUAGE_STANDARD = gnu99;
				GCC_DYNAMIC_NO_PIC = NO;
				GCC_OPTIMIZATION_LEVEL = 0;
				GCC_PREPROCESSOR_DEFINITIONS = (
					"DEBUG=1",
					"$(inherited)",
				);
				GCC_SYMBOLS_PRIVATE_EXTERN = NO;
				GCC_WARN_ABOUT_RETURN_TYPE = YES;
				GCC_WARN_UNINITIALIZED_AUTOS = YES;
				GCC_WARN_UNUSED_VARIABLE = YES;
				IPHONEOS_DEPLOYMENT_TARGET = 6.0;
				ONLY_ACTIVE_ARCH = YES;
				PROVISIONING_PROFILE = "A42C0B37-58AF-4C44-9129-6204F03E5969";
				"PROVISIONING_PROFILE[sdk=iphoneos*]" = "A42C0B37-58AF-4C44-9129-6204F03E5969";
				SDKROOT = iphoneos;
				TARGETED_DEVICE_FAMILY = "1,2";
			};
			name = Debug;
		};
		90B8E889171FE09E00452F68 /* Release */ = {
			isa = XCBuildConfiguration;
			buildSettings = {
				ALWAYS_SEARCH_USER_PATHS = NO;
				CLANG_CXX_LANGUAGE_STANDARD = "gnu++0x";
				CLANG_CXX_LIBRARY = "libc++";
				CLANG_ENABLE_OBJC_ARC = YES;
				CLANG_WARN_CONSTANT_CONVERSION = YES;
				CLANG_WARN_EMPTY_BODY = YES;
				CLANG_WARN_ENUM_CONVERSION = YES;
				CLANG_WARN_INT_CONVERSION = YES;
				CLANG_WARN__DUPLICATE_METHOD_MATCH = YES;
				CODE_SIGN_IDENTITY = "iPhone Distribution: Remy ALEXANDRE (7252L78MQ3)";
				"CODE_SIGN_IDENTITY[sdk=iphoneos*]" = "iPhone Distribution: Remy ALEXANDRE (7252L78MQ3)";
				COPY_PHASE_STRIP = YES;
				GCC_C_LANGUAGE_STANDARD = gnu99;
				GCC_WARN_ABOUT_RETURN_TYPE = YES;
				GCC_WARN_UNINITIALIZED_AUTOS = YES;
				GCC_WARN_UNUSED_VARIABLE = YES;
				IPHONEOS_DEPLOYMENT_TARGET = 6.0;
				OTHER_CFLAGS = "-DNS_BLOCK_ASSERTIONS=1";
				PROVISIONING_PROFILE = "8D23D854-2602-4A2D-80FA-1E4823D52B10";
				"PROVISIONING_PROFILE[sdk=iphoneos*]" = "8D23D854-2602-4A2D-80FA-1E4823D52B10";
				SDKROOT = iphoneos;
				TARGETED_DEVICE_FAMILY = "1,2";
				VALIDATE_PRODUCT = YES;
			};
			name = Release;
		};
		90B8E88B171FE09E00452F68 /* Debug */ = {
			isa = XCBuildConfiguration;
			buildSettings = {
				CODE_SIGN_ENTITLEMENTS = shelfComics/shelfComics.entitlements;
				CODE_SIGN_IDENTITY = "iPhone Developer: Remy ALEXANDRE (37ZG2249EW)";
				"CODE_SIGN_IDENTITY[sdk=iphoneos*]" = "iPhone Developer: Remy ALEXANDRE (37ZG2249EW)";
				FRAMEWORK_SEARCH_PATHS = (
					"$(inherited)",
					"\"$(SRCROOT)\"",
					"\"$(SRCROOT)/shelfComics\"",
				);
				GCC_PRECOMPILE_PREFIX_HEADER = YES;
				GCC_PREFIX_HEADER = "shelfComics/shelfComics-Prefix.pch";
				INFOPLIST_FILE = "shelfComics/shelfComics-Info.plist";
				IPHONEOS_DEPLOYMENT_TARGET = 6.0;
				LIBRARY_SEARCH_PATHS = (
					"$(inherited)",
					"\"$(SRCROOT)/shelfComics/ZBarSDK\"",
					"\"$(SRCROOT)/shelfComics/Flurry\"",
				);
				PRODUCT_NAME = "$(TARGET_NAME)";
				PROVISIONING_PROFILE = "A42C0B37-58AF-4C44-9129-6204F03E5969";
				"PROVISIONING_PROFILE[sdk=iphoneos*]" = "A42C0B37-58AF-4C44-9129-6204F03E5969";
				WRAPPER_EXTENSION = app;
			};
			name = Debug;
		};
		90B8E88C171FE09E00452F68 /* Release */ = {
			isa = XCBuildConfiguration;
			buildSettings = {
				CODE_SIGN_ENTITLEMENTS = shelfComics/shelfComics.entitlements;
				CODE_SIGN_IDENTITY = "iPhone Distribution: Remy ALEXANDRE (7252L78MQ3)";
				"CODE_SIGN_IDENTITY[sdk=iphoneos*]" = "iPhone Distribution: Remy ALEXANDRE (7252L78MQ3)";
				FRAMEWORK_SEARCH_PATHS = (
					"$(inherited)",
					"\"$(SRCROOT)\"",
					"\"$(SRCROOT)/shelfComics\"",
				);
				GCC_PRECOMPILE_PREFIX_HEADER = YES;
				GCC_PREFIX_HEADER = "shelfComics/shelfComics-Prefix.pch";
				INFOPLIST_FILE = "shelfComics/shelfComics-Info.plist";
				IPHONEOS_DEPLOYMENT_TARGET = 6.0;
				LIBRARY_SEARCH_PATHS = (
					"$(inherited)",
					"\"$(SRCROOT)/shelfComics/ZBarSDK\"",
					"\"$(SRCROOT)/shelfComics/Flurry\"",
				);
				PRODUCT_NAME = "$(TARGET_NAME)";
				PROVISIONING_PROFILE = "8D23D854-2602-4A2D-80FA-1E4823D52B10";
				"PROVISIONING_PROFILE[sdk=iphoneos*]" = "8D23D854-2602-4A2D-80FA-1E4823D52B10";
				WRAPPER_EXTENSION = app;
			};
			name = Release;
		};
/* End XCBuildConfiguration section */

/* Begin XCConfigurationList section */
		90B8E85F171FE09D00452F68 /* Build configuration list for PBXProject "shelfComics" */ = {
			isa = XCConfigurationList;
			buildConfigurations = (
				90B8E888171FE09E00452F68 /* Debug */,
				90B8E889171FE09E00452F68 /* Release */,
			);
			defaultConfigurationIsVisible = 0;
			defaultConfigurationName = Release;
		};
		90B8E88A171FE09E00452F68 /* Build configuration list for PBXNativeTarget "shelfComics" */ = {
			isa = XCConfigurationList;
			buildConfigurations = (
				90B8E88B171FE09E00452F68 /* Debug */,
				90B8E88C171FE09E00452F68 /* Release */,
			);
			defaultConfigurationIsVisible = 0;
			defaultConfigurationName = Release;
		};
/* End XCConfigurationList section */

/* Begin XCVersionGroup section */
		9021C2AC17426C7C0052841B /* shelfComics.xcdatamodeld */ = {
			isa = XCVersionGroup;
			children = (
				9021C2AD17426C7C0052841B /* shelfComics.xcdatamodel */,
			);
			currentVersion = 9021C2AD17426C7C0052841B /* shelfComics.xcdatamodel */;
			path = shelfComics.xcdatamodeld;
			sourceTree = "<group>";
			versionGroupType = wrapper.xcdatamodel;
		};
/* End XCVersionGroup section */
	};
	rootObject = 90B8E85C171FE09D00452F68 /* Project object */;
}
